
Microsoft Visual Studio Solution File, Format Version 12.00
# Visual Studio Version 18
VisualStudioVersion = 18.2.11408.102
MinimumVisualStudioVersion = 10.0.40219.1
Project("{FAE04EC0-301F-11D3-BF4B-00C04F79EFBC}") = "Carrigan.SqlTools", "Carrigan.SqlTools\Carrigan.SqlTools.csproj", "{E631F123-8CB9-4782-9310-8D6663821DAA}"
EndProject
Project("{2150E333-8FDC-42A3-9474-1A3956D46DE8}") = "Solution Items", "Solution Items", "{02EA681E-C7D8-13C7-8484-4AC65E1B71E8}"
	ProjectSection(SolutionItems) = preProject
		.editorconfig = .editorconfig
		.gitignore = .gitignore
		..\CITATION.cff = ..\CITATION.cff
		..\.github\workflows\cla-assent-check.yml = ..\.github\workflows\cla-assent-check.yml
		..\CLA.md = ..\CLA.md
		CodingStandards.md = CodingStandards.md
		Directory.Build.props = Directory.Build.props
		..\.vsspell\IgnoredWords.dic = ..\.vsspell\IgnoredWords.dic
		..\LICENSE = ..\LICENSE
		..\NOTICE.txt = ..\NOTICE.txt
		..\.github\workflows\publish-nuget.yml = ..\.github\workflows\publish-nuget.yml
		..\.github\workflows\pull-request-validation.yml = ..\.github\workflows\pull-request-validation.yml
		..\readme.md = ..\readme.md
	EndProjectSection
EndProject
Project("{2150E333-8FDC-42A3-9474-1A3956D46DE8}") = "UnitTests", "UnitTests", "{4A91D235-418D-49AC-9E8F-71ED65D6C2FC}"
EndProject
Project("{2150E333-8FDC-42A3-9474-1A3956D46DE8}") = "Clients", "Clients", "{DCADBC00-36FF-468E-8CA9-6063F530A5E6}"
EndProject
Project("{FAE04EC0-301F-11D3-BF4B-00C04F79EFBC}") = "Carrigan.SqlTools.Clients.PostgreSql", "Carrigan.SqlTools.Clients.PostgreSql\Carrigan.SqlTools.Clients.PostgreSql.csproj", "{DB61EAF6-6393-4876-ADFA-93FCFA46C269}"
EndProject
Project("{FAE04EC0-301F-11D3-BF4B-00C04F79EFBC}") = "Carrigan.SqlTools.Clients.Core", "Carrigan.SqlTools.Clients.Core\Carrigan.SqlTools.Clients.Core.csproj", "{094ED0BE-833F-4B19-B159-D377EA46EF24}"
EndProject
Project("{FAE04EC0-301F-11D3-BF4B-00C04F79EFBC}") = "Carrigan.SqlTools.Clients.Core.Tests", "Carrigan.SqlTools.Clients.Core.Tests\Carrigan.SqlTools.Clients.Core.Tests.csproj", "{9107AE53-C3E1-4739-8E47-CA56F22F6595}"
EndProject
Project("{FAE04EC0-301F-11D3-BF4B-00C04F79EFBC}") = "Carrigan.SqlTools.PostgreSql.IntegrationTests", "Carrigan.SqlTools.PostgreSql.IntegrationTests\Carrigan.SqlTools.PostgreSql.IntegrationTests.csproj", "{889F02B8-A66F-498D-9093-8E245BC7B66D}"
EndProject
Project("{2150E333-8FDC-42A3-9474-1A3956D46DE8}") = "IntegrationTests", "IntegrationTests", "{CCA8D7CD-0D93-432D-A2E1-5DA039115DDD}"
EndProject
Project("{FAE04EC0-301F-11D3-BF4B-00C04F79EFBC}") = "Carrigan.SqlTools.SqlServer.IntegrationTests", "Carrigan.SqlTools.SqlServer.IntegrationTests\Carrigan.SqlTools.SqlServer.IntegrationTests.csproj", "{34EED2E0-BE8B-4226-9B0F-09B8B200EBEE}"
EndProject
Project("{2150E333-8FDC-42A3-9474-1A3956D46DE8}") = "Generators", "Generators", "{A79C2F6D-12AB-4BA1-A295-96C7595E43E6}"
EndProject
Project("{FAE04EC0-301F-11D3-BF4B-00C04F79EFBC}") = "Carrigan.SqlTools.Generators.SqlServer", "Carrigan.SqlTools.Generators.SqlServer\Carrigan.SqlTools.Generators.SqlServer.csproj", "{59ECB354-BA2A-466E-96EC-74231EE48E08}"
EndProject
Project("{FAE04EC0-301F-11D3-BF4B-00C04F79EFBC}") = "Carrigan.SqlTools.Generators.PostgreSql", "Carrigan.SqlTools.Generators.PostgreSql\Carrigan.SqlTools.Generators.PostgreSql.csproj", "{3506CC6D-5810-4D27-A6CF-2F60DFB68033}"
EndProject
Project("{FAE04EC0-301F-11D3-BF4B-00C04F79EFBC}") = "Carrigan.SqlTools.Generators.PostgreSql.Tests", "Carrigan.SqlTools.Generators.PostgreSql.Tests\Carrigan.SqlTools.Generators.PostgreSql.Tests.csproj", "{5673D18F-9887-4722-A207-3CFE4B2BFFAD}"
EndProject
Project("{FAE04EC0-301F-11D3-BF4B-00C04F79EFBC}") = "Carrigan.SqlTools.IntegrationTests", "Carrigan.SqlTools.IntegrationTests\Carrigan.SqlTools.IntegrationTests.csproj", "{B7CD0444-520A-9CC0-13C0-A9CB648AFDEB}"
EndProject
Project("{FAE04EC0-301F-11D3-BF4B-00C04F79EFBC}") = "Carrigan.SqlTools.Base.Tests", "Carrigan.SqlTools.Base.Tests\Carrigan.SqlTools.Base.Tests.csproj", "{CDFFE5B5-3433-42CF-AB03-B2EB469BBB7C}"
EndProject
Project("{FAE04EC0-301F-11D3-BF4B-00C04F79EFBC}") = "Carrigan.SqlTools.Generators.SqlServer.Tests", "Carrigan.SqlTools.Generators.SqlServer.Tests\Carrigan.SqlTools.Generators.SqlServer.Tests.csproj", "{53A30849-296B-4FE9-AA7A-392746FED7EF}"
EndProject
Project("{FAE04EC0-301F-11D3-BF4B-00C04F79EFBC}") = "Carrigan.SqlTools.Clients.SqlServer.Tests", "Carrigan.SqlTools.Clients.SqlServer.Tests\Carrigan.SqlTools.Clients.SqlServer.Tests.csproj", "{9DD62B5C-8ED6-4E80-AB6F-6EB77A715A5B}"
EndProject
Project("{2150E333-8FDC-42A3-9474-1A3956D46DE8}") = "Analyzers", "Analyzers", "{461C9803-3F48-4F78-9198-F732CADB7CA6}"
EndProject
Project("{FAE04EC0-301F-11D3-BF4B-00C04F79EFBC}") = "Carrigan.SqlTools.Analyzers.SqlServer", "Carrigan.SqlTools.Analyzers.SqlServer\Carrigan.SqlTools.Analyzers.SqlServer\Carrigan.SqlTools.Analyzers.SqlServer.csproj", "{DBB2ACD4-DE65-9650-8878-A5C8FBE07EBC}"
EndProject
Project("{FAE04EC0-301F-11D3-BF4B-00C04F79EFBC}") = "Carrigan.SqlTools.Clients.SqlServer", "Carrigan.SqlTools.Clients.SqlServer\Carrigan.SqlTools.Clients.SqlServer.csproj", "{7C57D7E7-538B-BC3D-FFDE-34B8EFEDAECE}"
EndProject
Project("{FAE04EC0-301F-11D3-BF4B-00C04F79EFBC}") = "Carrigan.SqlTools.Clients.PostgreSql.Tests", "Carrigan.SqlTools.Clients.PostgreSql.Tests\Carrigan.SqlTools.Clients.PostgreSql.Tests.csproj", "{85EE6F25-DB9C-4ED3-8554-F18506DB0E2A}"
EndProject
Project("{FAE04EC0-301F-11D3-BF4B-00C04F79EFBC}") = "Carrigan.SqlTools.Analyzers.PostgreSql", "Carrigan.SqlTools.Analyzers.PostgreSql\Carrigan.SqlTools.Analyzers.PostgreSql\Carrigan.SqlTools.Analyzers.PostgreSql.csproj", "{4A33EE82-F3FC-02D4-768E-684AB93C0633}"
EndProject
Global
	GlobalSection(SolutionConfigurationPlatforms) = preSolution
		Debug|Any CPU = Debug|Any CPU
		Release|Any CPU = Release|Any CPU
	EndGlobalSection
	GlobalSection(ProjectConfigurationPlatforms) = postSolution
		{E631F123-8CB9-4782-9310-8D6663821DAA}.Debug|Any CPU.ActiveCfg = Debug|Any CPU
		{E631F123-8CB9-4782-9310-8D6663821DAA}.Debug|Any CPU.Build.0 = Debug|Any CPU
		{E631F123-8CB9-4782-9310-8D6663821DAA}.Release|Any CPU.ActiveCfg = Release|Any CPU
		{E631F123-8CB9-4782-9310-8D6663821DAA}.Release|Any CPU.Build.0 = Release|Any CPU
		{DB61EAF6-6393-4876-ADFA-93FCFA46C269}.Debug|Any CPU.ActiveCfg = Debug|Any CPU
		{DB61EAF6-6393-4876-ADFA-93FCFA46C269}.Debug|Any CPU.Build.0 = Debug|Any CPU
		{DB61EAF6-6393-4876-ADFA-93FCFA46C269}.Release|Any CPU.ActiveCfg = Release|Any CPU
		{DB61EAF6-6393-4876-ADFA-93FCFA46C269}.Release|Any CPU.Build.0 = Release|Any CPU
		{094ED0BE-833F-4B19-B159-D377EA46EF24}.Debug|Any CPU.ActiveCfg = Debug|Any CPU
		{094ED0BE-833F-4B19-B159-D377EA46EF24}.Debug|Any CPU.Build.0 = Debug|Any CPU
		{094ED0BE-833F-4B19-B159-D377EA46EF24}.Release|Any CPU.ActiveCfg = Release|Any CPU
		{094ED0BE-833F-4B19-B159-D377EA46EF24}.Release|Any CPU.Build.0 = Release|Any CPU
		{9107AE53-C3E1-4739-8E47-CA56F22F6595}.Debug|Any CPU.ActiveCfg = Debug|Any CPU
		{9107AE53-C3E1-4739-8E47-CA56F22F6595}.Debug|Any CPU.Build.0 = Debug|Any CPU
		{9107AE53-C3E1-4739-8E47-CA56F22F6595}.Release|Any CPU.ActiveCfg = Release|Any CPU
		{9107AE53-C3E1-4739-8E47-CA56F22F6595}.Release|Any CPU.Build.0 = Release|Any CPU
		{889F02B8-A66F-498D-9093-8E245BC7B66D}.Debug|Any CPU.ActiveCfg = Debug|Any CPU
		{889F02B8-A66F-498D-9093-8E245BC7B66D}.Debug|Any CPU.Build.0 = Debug|Any CPU
		{889F02B8-A66F-498D-9093-8E245BC7B66D}.Release|Any CPU.ActiveCfg = Release|Any CPU
		{889F02B8-A66F-498D-9093-8E245BC7B66D}.Release|Any CPU.Build.0 = Release|Any CPU
		{34EED2E0-BE8B-4226-9B0F-09B8B200EBEE}.Debug|Any CPU.ActiveCfg = Debug|Any CPU
		{34EED2E0-BE8B-4226-9B0F-09B8B200EBEE}.Debug|Any CPU.Build.0 = Debug|Any CPU
		{34EED2E0-BE8B-4226-9B0F-09B8B200EBEE}.Release|Any CPU.ActiveCfg = Release|Any CPU
		{34EED2E0-BE8B-4226-9B0F-09B8B200EBEE}.Release|Any CPU.Build.0 = Release|Any CPU
		{59ECB354-BA2A-466E-96EC-74231EE48E08}.Debug|Any CPU.ActiveCfg = Debug|Any CPU
		{59ECB354-BA2A-466E-96EC-74231EE48E08}.Debug|Any CPU.Build.0 = Debug|Any CPU
		{59ECB354-BA2A-466E-96EC-74231EE48E08}.Release|Any CPU.ActiveCfg = Release|Any CPU
		{59ECB354-BA2A-466E-96EC-74231EE48E08}.Release|Any CPU.Build.0 = Release|Any CPU
		{3506CC6D-5810-4D27-A6CF-2F60DFB68033}.Debug|Any CPU.ActiveCfg = Debug|Any CPU
		{3506CC6D-5810-4D27-A6CF-2F60DFB68033}.Debug|Any CPU.Build.0 = Debug|Any CPU
		{3506CC6D-5810-4D27-A6CF-2F60DFB68033}.Release|Any CPU.ActiveCfg = Release|Any CPU
		{3506CC6D-5810-4D27-A6CF-2F60DFB68033}.Release|Any CPU.Build.0 = Release|Any CPU
		{5673D18F-9887-4722-A207-3CFE4B2BFFAD}.Debug|Any CPU.ActiveCfg = Debug|Any CPU
		{5673D18F-9887-4722-A207-3CFE4B2BFFAD}.Debug|Any CPU.Build.0 = Debug|Any CPU
		{5673D18F-9887-4722-A207-3CFE4B2BFFAD}.Release|Any CPU.ActiveCfg = Release|Any CPU
		{5673D18F-9887-4722-A207-3CFE4B2BFFAD}.Release|Any CPU.Build.0 = Release|Any CPU
		{B7CD0444-520A-9CC0-13C0-A9CB648AFDEB}.Debug|Any CPU.ActiveCfg = Debug|Any CPU
		{B7CD0444-520A-9CC0-13C0-A9CB648AFDEB}.Debug|Any CPU.Build.0 = Debug|Any CPU
		{B7CD0444-520A-9CC0-13C0-A9CB648AFDEB}.Release|Any CPU.ActiveCfg = Release|Any CPU
		{B7CD0444-520A-9CC0-13C0-A9CB648AFDEB}.Release|Any CPU.Build.0 = Release|Any CPU
		{CDFFE5B5-3433-42CF-AB03-B2EB469BBB7C}.Debug|Any CPU.ActiveCfg = Debug|Any CPU
		{CDFFE5B5-3433-42CF-AB03-B2EB469BBB7C}.Debug|Any CPU.Build.0 = Debug|Any CPU
		{CDFFE5B5-3433-42CF-AB03-B2EB469BBB7C}.Release|Any CPU.ActiveCfg = Release|Any CPU
		{CDFFE5B5-3433-42CF-AB03-B2EB469BBB7C}.Release|Any CPU.Build.0 = Release|Any CPU
		{53A30849-296B-4FE9-AA7A-392746FED7EF}.Debug|Any CPU.ActiveCfg = Debug|Any CPU
		{53A30849-296B-4FE9-AA7A-392746FED7EF}.Debug|Any CPU.Build.0 = Debug|Any CPU
		{53A30849-296B-4FE9-AA7A-392746FED7EF}.Release|Any CPU.ActiveCfg = Release|Any CPU
		{53A30849-296B-4FE9-AA7A-392746FED7EF}.Release|Any CPU.Build.0 = Release|Any CPU
		{9DD62B5C-8ED6-4E80-AB6F-6EB77A715A5B}.Debug|Any CPU.ActiveCfg = Debug|Any CPU
		{9DD62B5C-8ED6-4E80-AB6F-6EB77A715A5B}.Debug|Any CPU.Build.0 = Debug|Any CPU
		{9DD62B5C-8ED6-4E80-AB6F-6EB77A715A5B}.Release|Any CPU.ActiveCfg = Release|Any CPU
		{9DD62B5C-8ED6-4E80-AB6F-6EB77A715A5B}.Release|Any CPU.Build.0 = Release|Any CPU
		{DBB2ACD4-DE65-9650-8878-A5C8FBE07EBC}.Debug|Any CPU.ActiveCfg = Debug|Any CPU
		{DBB2ACD4-DE65-9650-8878-A5C8FBE07EBC}.Debug|Any CPU.Build.0 = Debug|Any CPU
		{DBB2ACD4-DE65-9650-8878-A5C8FBE07EBC}.Release|Any CPU.ActiveCfg = Release|Any CPU
		{DBB2ACD4-DE65-9650-8878-A5C8FBE07EBC}.Release|Any CPU.Build.0 = Release|Any CPU
		{7C57D7E7-538B-BC3D-FFDE-34B8EFEDAECE}.Debug|Any CPU.ActiveCfg = Debug|Any CPU
		{7C57D7E7-538B-BC3D-FFDE-34B8EFEDAECE}.Debug|Any CPU.Build.0 = Debug|Any CPU
		{7C57D7E7-538B-BC3D-FFDE-34B8EFEDAECE}.Release|Any CPU.ActiveCfg = Release|Any CPU
		{7C57D7E7-538B-BC3D-FFDE-34B8EFEDAECE}.Release|Any CPU.Build.0 = Release|Any CPU
		{85EE6F25-DB9C-4ED3-8554-F18506DB0E2A}.Debug|Any CPU.ActiveCfg = Debug|Any CPU
		{85EE6F25-DB9C-4ED3-8554-F18506DB0E2A}.Debug|Any CPU.Build.0 = Debug|Any CPU
		{85EE6F25-DB9C-4ED3-8554-F18506DB0E2A}.Release|Any CPU.ActiveCfg = Release|Any CPU
		{85EE6F25-DB9C-4ED3-8554-F18506DB0E2A}.Release|Any CPU.Build.0 = Release|Any CPU
		{4A33EE82-F3FC-02D4-768E-684AB93C0633}.Debug|Any CPU.ActiveCfg = Debug|Any CPU
		{4A33EE82-F3FC-02D4-768E-684AB93C0633}.Debug|Any CPU.Build.0 = Debug|Any CPU
		{4A33EE82-F3FC-02D4-768E-684AB93C0633}.Release|Any CPU.ActiveCfg = Release|Any CPU
		{4A33EE82-F3FC-02D4-768E-684AB93C0633}.Release|Any CPU.Build.0 = Release|Any CPU
	EndGlobalSection
	GlobalSection(SolutionProperties) = preSolution
		HideSolutionNode = FALSE
	EndGlobalSection
	GlobalSection(NestedProjects) = preSolution
		{DB61EAF6-6393-4876-ADFA-93FCFA46C269} = {DCADBC00-36FF-468E-8CA9-6063F530A5E6}
		{094ED0BE-833F-4B19-B159-D377EA46EF24} = {DCADBC00-36FF-468E-8CA9-6063F530A5E6}
		{9107AE53-C3E1-4739-8E47-CA56F22F6595} = {4A91D235-418D-49AC-9E8F-71ED65D6C2FC}
		{889F02B8-A66F-498D-9093-8E245BC7B66D} = {CCA8D7CD-0D93-432D-A2E1-5DA039115DDD}
		{34EED2E0-BE8B-4226-9B0F-09B8B200EBEE} = {CCA8D7CD-0D93-432D-A2E1-5DA039115DDD}
		{59ECB354-BA2A-466E-96EC-74231EE48E08} = {A79C2F6D-12AB-4BA1-A295-96C7595E43E6}
		{3506CC6D-5810-4D27-A6CF-2F60DFB68033} = {A79C2F6D-12AB-4BA1-A295-96C7595E43E6}
		{5673D18F-9887-4722-A207-3CFE4B2BFFAD} = {4A91D235-418D-49AC-9E8F-71ED65D6C2FC}
		{B7CD0444-520A-9CC0-13C0-A9CB648AFDEB} = {CCA8D7CD-0D93-432D-A2E1-5DA039115DDD}
		{CDFFE5B5-3433-42CF-AB03-B2EB469BBB7C} = {4A91D235-418D-49AC-9E8F-71ED65D6C2FC}
		{53A30849-296B-4FE9-AA7A-392746FED7EF} = {4A91D235-418D-49AC-9E8F-71ED65D6C2FC}
		{9DD62B5C-8ED6-4E80-AB6F-6EB77A715A5B} = {4A91D235-418D-49AC-9E8F-71ED65D6C2FC}
		{DBB2ACD4-DE65-9650-8878-A5C8FBE07EBC} = {461C9803-3F48-4F78-9198-F732CADB7CA6}
		{7C57D7E7-538B-BC3D-FFDE-34B8EFEDAECE} = {DCADBC00-36FF-468E-8CA9-6063F530A5E6}
		{85EE6F25-DB9C-4ED3-8554-F18506DB0E2A} = {4A91D235-418D-49AC-9E8F-71ED65D6C2FC}
		{4A33EE82-F3FC-02D4-768E-684AB93C0633} = {461C9803-3F48-4F78-9198-F732CADB7CA6}
	EndGlobalSection
	GlobalSection(ExtensibilityGlobals) = postSolution
		SolutionGuid = {D7E326BD-0E69-4927-9699-75A4A950E268}
	EndGlobalSection
EndGlobal
