
Microsoft Visual Studio Solution File, Format Version 12.00
# Visual Studio Version 18
VisualStudioVersion = 18.2.11408.102
MinimumVisualStudioVersion = 10.0.40219.1
Project("{FAE04EC0-301F-11D3-BF4B-00C04F79EFBC}") = "Carrigan.SqlTools", "Carrigan.SqlTools\Carrigan.SqlTools.csproj", "{E631F123-8CB9-4782-9310-8D6663821DAA}"
EndProject
Project("{FAE04EC0-301F-11D3-BF4B-00C04F79EFBC}") = "Carrigan.SqlTools.SqlServer", "Carrigan.SqlTools.SqlServer\Carrigan.SqlTools.SqlServer.csproj", "{1410A1B9-3CB4-48D3-8D83-1A7F3532F27E}"
EndProject
Project("{FAE04EC0-301F-11D3-BF4B-00C04F79EFBC}") = "Carrigan.SqlTools.Tests", "Carrigan.SqlTools.Tests\Carrigan.SqlTools.Tests.csproj", "{31A66230-7525-4650-85AA-471ACFD05D5D}"
EndProject
Project("{2150E333-8FDC-42A3-9474-1A3956D46DE8}") = "Solution Items", "Solution Items", "{02EA681E-C7D8-13C7-8484-4AC65E1B71E8}"
	ProjectSection(SolutionItems) = preProject
		.editorconfig = .editorconfig
		.gitignore = .gitignore
		..\CITATION.cff = ..\CITATION.cff
		..\.github\workflows\cla-assent-check.yml = ..\.github\workflows\cla-assent-check.yml
		..\CLA.md = ..\CLA.md
		CodingStandards.md = CodingStandards.md
		Directory.Build.props = Directory.Build.props
		..\LICENSE = ..\LICENSE
		..\NOTICE.txt = ..\NOTICE.txt
		..\.github\workflows\publish-nuget.yml = ..\.github\workflows\publish-nuget.yml
		..\.github\workflows\pull-request-validation.yml = ..\.github\workflows\pull-request-validation.yml
		..\readme.md = ..\readme.md
	EndProjectSection
EndProject
Project("{FAE04EC0-301F-11D3-BF4B-00C04F79EFBC}") = "Carrigan.SqlTools.IntegrationTests", "Carrigan.SqlTools.IntegrationTests\Carrigan.SqlTools.IntegrationTests.csproj", "{615D61CB-B58C-49C3-8F31-8EBC4419836D}"
EndProject
Project("{FAE04EC0-301F-11D3-BF4B-00C04F79EFBC}") = "Carrigan.SqlTools.Analyzers", "Carrigan.SqlTools.Analyzers\Carrigan.SqlTools.Analyzers\Carrigan.SqlTools.Analyzers.csproj", "{B89156B8-5789-4B08-B8C4-60A9EBBD430D}"
EndProject
Project("{FAE04EC0-301F-11D3-BF4B-00C04F79EFBC}") = "Carrigan.SqlTools.SqlServer.Tests", "Carrigan.SqlTools.SqlServer.Tests\Carrigan.SqlTools.SqlServer.Tests.csproj", "{32407DBD-8440-41B5-B8D3-7E360E59C2FB}"
EndProject
Global
	GlobalSection(SolutionConfigurationPlatforms) = preSolution
		Debug|Any CPU = Debug|Any CPU
		Release|Any CPU = Release|Any CPU
	EndGlobalSection
	GlobalSection(ProjectConfigurationPlatforms) = postSolution
		{E631F123-8CB9-4782-9310-8D6663821DAA}.Debug|Any CPU.ActiveCfg = Debug|Any CPU
		{E631F123-8CB9-4782-9310-8D6663821DAA}.Debug|Any CPU.Build.0 = Debug|Any CPU
		{E631F123-8CB9-4782-9310-8D6663821DAA}.Release|Any CPU.ActiveCfg = Release|Any CPU
		{E631F123-8CB9-4782-9310-8D6663821DAA}.Release|Any CPU.Build.0 = Release|Any CPU
		{1410A1B9-3CB4-48D3-8D83-1A7F3532F27E}.Debug|Any CPU.ActiveCfg = Debug|Any CPU
		{1410A1B9-3CB4-48D3-8D83-1A7F3532F27E}.Debug|Any CPU.Build.0 = Debug|Any CPU
		{1410A1B9-3CB4-48D3-8D83-1A7F3532F27E}.Release|Any CPU.ActiveCfg = Release|Any CPU
		{1410A1B9-3CB4-48D3-8D83-1A7F3532F27E}.Release|Any CPU.Build.0 = Release|Any CPU
		{31A66230-7525-4650-85AA-471ACFD05D5D}.Debug|Any CPU.ActiveCfg = Debug|Any CPU
		{31A66230-7525-4650-85AA-471ACFD05D5D}.Debug|Any CPU.Build.0 = Debug|Any CPU
		{31A66230-7525-4650-85AA-471ACFD05D5D}.Release|Any CPU.ActiveCfg = Release|Any CPU
		{31A66230-7525-4650-85AA-471ACFD05D5D}.Release|Any CPU.Build.0 = Release|Any CPU
		{615D61CB-B58C-49C3-8F31-8EBC4419836D}.Debug|Any CPU.ActiveCfg = Debug|Any CPU
		{615D61CB-B58C-49C3-8F31-8EBC4419836D}.Debug|Any CPU.Build.0 = Debug|Any CPU
		{615D61CB-B58C-49C3-8F31-8EBC4419836D}.Release|Any CPU.ActiveCfg = Release|Any CPU
		{615D61CB-B58C-49C3-8F31-8EBC4419836D}.Release|Any CPU.Build.0 = Release|Any CPU
		{B89156B8-5789-4B08-B8C4-60A9EBBD430D}.Debug|Any CPU.ActiveCfg = Debug|Any CPU
		{B89156B8-5789-4B08-B8C4-60A9EBBD430D}.Debug|Any CPU.Build.0 = Debug|Any CPU
		{B89156B8-5789-4B08-B8C4-60A9EBBD430D}.Release|Any CPU.ActiveCfg = Release|Any CPU
		{B89156B8-5789-4B08-B8C4-60A9EBBD430D}.Release|Any CPU.Build.0 = Release|Any CPU
		{32407DBD-8440-41B5-B8D3-7E360E59C2FB}.Debug|Any CPU.ActiveCfg = Debug|Any CPU
		{32407DBD-8440-41B5-B8D3-7E360E59C2FB}.Debug|Any CPU.Build.0 = Debug|Any CPU
		{32407DBD-8440-41B5-B8D3-7E360E59C2FB}.Release|Any CPU.ActiveCfg = Release|Any CPU
		{32407DBD-8440-41B5-B8D3-7E360E59C2FB}.Release|Any CPU.Build.0 = Release|Any CPU
	EndGlobalSection
	GlobalSection(SolutionProperties) = preSolution
		HideSolutionNode = FALSE
	EndGlobalSection
	GlobalSection(ExtensibilityGlobals) = postSolution
		SolutionGuid = {D7E326BD-0E69-4927-9699-75A4A950E268}
	EndGlobalSection
EndGlobal
